
Microsoft Visual Studio Solution File, Format Version 12.00
# Visual Studio Version 17
VisualStudioVersion = 17.0.31903.59
MinimumVisualStudioVersion = 10.0.40219.1
Project("{2150E333-8FDC-42A3-9474-1A3956D46DE8}") = "src", "src", "{FB2087D0-4EC9-47CB-A13F-FC8BA7045BA2}"
EndProject
Project("{2150E333-8FDC-42A3-9474-1A3956D46DE8}") = "Entities", "Entities", "{9B9B163D-E76F-44D8-B51B-DA0871FC2376}"
EndProject
Project("{FAE04EC0-301F-11D3-BF4B-00C04F79EFBC}") = "MyProject.Entities", "src\Entities\MyProject.Entities\MyProject.Entities.csproj", "{7724C0B8-BDC6-4DBB-BDCB-76001A98857E}"
EndProject
Project("{2150E333-8FDC-42A3-9474-1A3956D46DE8}") = "Adapters", "Adapters", "{3E029488-10D2-48E1-8EFB-9737032EC6DA}"
EndProject
Project("{FAE04EC0-301F-11D3-BF4B-00C04F79EFBC}") = "MyProject.Adapters", "src\Adapters\MyProject.Adapters\MyProject.Adapters.csproj", "{45C9ADF9-C3B2-464A-B3A9-B6D81A99BE5C}"
EndProject
Project("{2150E333-8FDC-42A3-9474-1A3956D46DE8}") = "UseCases", "UseCases", "{442EE50C-A4D1-46E9-821C-A2E5DC52510E}"
EndProject
Project("{FAE04EC0-301F-11D3-BF4B-00C04F79EFBC}") = "MyProject.UseCases", "src\UseCases\MyProject.UseCases\MyProject.UseCases.csproj", "{BC65A1A2-A90D-4D38-BD31-562AADF0AA6A}"
EndProject
Project("{2150E333-8FDC-42A3-9474-1A3956D46DE8}") = "Frameworks", "Frameworks", "{D46EA8DE-299B-4393-A136-48F4A5523627}"
EndProject
Project("{FAE04EC0-301F-11D3-BF4B-00C04F79EFBC}") = "MyProject.Frameworks.UI.Api", "src\Frameworks\MyProject.Frameworks.UI.Api\MyProject.Frameworks.UI.Api.csproj", "{F1F2BCCA-9B93-434C-9987-AAB62C490176}"
EndProject
Project("{FAE04EC0-301F-11D3-BF4B-00C04F79EFBC}") = "MyProject.Frameworks.External", "src\Frameworks\MyProject.Frameworks.External\MyProject.Frameworks.External.csproj", "{88D887E5-00CA-4A71-AD5B-136CD9A1842F}"
EndProject
Project("{FAE04EC0-301F-11D3-BF4B-00C04F79EFBC}") = "MyProject.Frameworks.Database", "src\Frameworks\MyProject.Frameworks.Database\MyProject.Frameworks.Database.csproj", "{87623075-3343-4C41-9BE6-DCEC6DB51756}"
EndProject
Project("{2150E333-8FDC-42A3-9474-1A3956D46DE8}") = "test", "test", "{B17B2713-7E86-4C50-BCD1-0BC22018F8F4}"
EndProject
Project("{2150E333-8FDC-42A3-9474-1A3956D46DE8}") = "Unitary", "Unitary", "{74A0A264-1F60-4127-A550-B68655F36114}"
EndProject
Project("{FAE04EC0-301F-11D3-BF4B-00C04F79EFBC}") = "MyProject.UnitTest", "test\Unitary\MyProject.UnitTest\MyProject.UnitTest.csproj", "{347D141F-36C9-4DC3-94BC-3B533F5DC597}"
EndProject
Project("{2150E333-8FDC-42A3-9474-1A3956D46DE8}") = "Integration", "Integration", "{C8C72E64-3EFA-4982-BE68-B44A39EB4145}"
EndProject
Project("{FAE04EC0-301F-11D3-BF4B-00C04F79EFBC}") = "MyProject.IntegTest", "test\Integration\MyProject.IntegTest\MyProject.IntegTest.csproj", "{F0EA7E42-6137-4447-8513-92E2C24095F6}"
EndProject
Project("{2150E333-8FDC-42A3-9474-1A3956D46DE8}") = "Architecture", "Architecture", "{79AF3BBA-0412-4D87-B717-42843A9872F0}"
EndProject
Project("{FAE04EC0-301F-11D3-BF4B-00C04F79EFBC}") = "MyProject.ArchTest", "test\Architecture\MyProject.ArchTest\MyProject.ArchTest.csproj", "{A749BF4C-4F47-484B-95AD-62D5B1563D68}"
EndProject
Global
	GlobalSection(SolutionConfigurationPlatforms) = preSolution
		Debug|Any CPU = Debug|Any CPU
		Release|Any CPU = Release|Any CPU
	EndGlobalSection
	GlobalSection(SolutionProperties) = preSolution
		HideSolutionNode = FALSE
	EndGlobalSection
	GlobalSection(ProjectConfigurationPlatforms) = postSolution
		{7724C0B8-BDC6-4DBB-BDCB-76001A98857E}.Debug|Any CPU.ActiveCfg = Debug|Any CPU
		{7724C0B8-BDC6-4DBB-BDCB-76001A98857E}.Debug|Any CPU.Build.0 = Debug|Any CPU
		{7724C0B8-BDC6-4DBB-BDCB-76001A98857E}.Release|Any CPU.ActiveCfg = Release|Any CPU
		{7724C0B8-BDC6-4DBB-BDCB-76001A98857E}.Release|Any CPU.Build.0 = Release|Any CPU
		{45C9ADF9-C3B2-464A-B3A9-B6D81A99BE5C}.Debug|Any CPU.ActiveCfg = Debug|Any CPU
		{45C9ADF9-C3B2-464A-B3A9-B6D81A99BE5C}.Debug|Any CPU.Build.0 = Debug|Any CPU
		{45C9ADF9-C3B2-464A-B3A9-B6D81A99BE5C}.Release|Any CPU.ActiveCfg = Release|Any CPU
		{45C9ADF9-C3B2-464A-B3A9-B6D81A99BE5C}.Release|Any CPU.Build.0 = Release|Any CPU
		{BC65A1A2-A90D-4D38-BD31-562AADF0AA6A}.Debug|Any CPU.ActiveCfg = Debug|Any CPU
		{BC65A1A2-A90D-4D38-BD31-562AADF0AA6A}.Debug|Any CPU.Build.0 = Debug|Any CPU
		{BC65A1A2-A90D-4D38-BD31-562AADF0AA6A}.Release|Any CPU.ActiveCfg = Release|Any CPU
		{BC65A1A2-A90D-4D38-BD31-562AADF0AA6A}.Release|Any CPU.Build.0 = Release|Any CPU
		{F1F2BCCA-9B93-434C-9987-AAB62C490176}.Debug|Any CPU.ActiveCfg = Debug|Any CPU
		{F1F2BCCA-9B93-434C-9987-AAB62C490176}.Debug|Any CPU.Build.0 = Debug|Any CPU
		{F1F2BCCA-9B93-434C-9987-AAB62C490176}.Release|Any CPU.ActiveCfg = Release|Any CPU
		{F1F2BCCA-9B93-434C-9987-AAB62C490176}.Release|Any CPU.Build.0 = Release|Any CPU
		{88D887E5-00CA-4A71-AD5B-136CD9A1842F}.Debug|Any CPU.ActiveCfg = Debug|Any CPU
		{88D887E5-00CA-4A71-AD5B-136CD9A1842F}.Debug|Any CPU.Build.0 = Debug|Any CPU
		{88D887E5-00CA-4A71-AD5B-136CD9A1842F}.Release|Any CPU.ActiveCfg = Release|Any CPU
		{88D887E5-00CA-4A71-AD5B-136CD9A1842F}.Release|Any CPU.Build.0 = Release|Any CPU
		{87623075-3343-4C41-9BE6-DCEC6DB51756}.Debug|Any CPU.ActiveCfg = Debug|Any CPU
		{87623075-3343-4C41-9BE6-DCEC6DB51756}.Debug|Any CPU.Build.0 = Debug|Any CPU
		{87623075-3343-4C41-9BE6-DCEC6DB51756}.Release|Any CPU.ActiveCfg = Release|Any CPU
		{87623075-3343-4C41-9BE6-DCEC6DB51756}.Release|Any CPU.Build.0 = Release|Any CPU
		{347D141F-36C9-4DC3-94BC-3B533F5DC597}.Debug|Any CPU.ActiveCfg = Debug|Any CPU
		{347D141F-36C9-4DC3-94BC-3B533F5DC597}.Debug|Any CPU.Build.0 = Debug|Any CPU
		{347D141F-36C9-4DC3-94BC-3B533F5DC597}.Release|Any CPU.ActiveCfg = Release|Any CPU
		{347D141F-36C9-4DC3-94BC-3B533F5DC597}.Release|Any CPU.Build.0 = Release|Any CPU
		{F0EA7E42-6137-4447-8513-92E2C24095F6}.Debug|Any CPU.ActiveCfg = Debug|Any CPU
		{F0EA7E42-6137-4447-8513-92E2C24095F6}.Debug|Any CPU.Build.0 = Debug|Any CPU
		{F0EA7E42-6137-4447-8513-92E2C24095F6}.Release|Any CPU.ActiveCfg = Release|Any CPU
		{F0EA7E42-6137-4447-8513-92E2C24095F6}.Release|Any CPU.Build.0 = Release|Any CPU
		{A749BF4C-4F47-484B-95AD-62D5B1563D68}.Debug|Any CPU.ActiveCfg = Debug|Any CPU
		{A749BF4C-4F47-484B-95AD-62D5B1563D68}.Debug|Any CPU.Build.0 = Debug|Any CPU
		{A749BF4C-4F47-484B-95AD-62D5B1563D68}.Release|Any CPU.ActiveCfg = Release|Any CPU
		{A749BF4C-4F47-484B-95AD-62D5B1563D68}.Release|Any CPU.Build.0 = Release|Any CPU
	EndGlobalSection
	GlobalSection(NestedProjects) = preSolution
		{9B9B163D-E76F-44D8-B51B-DA0871FC2376} = {FB2087D0-4EC9-47CB-A13F-FC8BA7045BA2}
		{7724C0B8-BDC6-4DBB-BDCB-76001A98857E} = {9B9B163D-E76F-44D8-B51B-DA0871FC2376}
		{3E029488-10D2-48E1-8EFB-9737032EC6DA} = {FB2087D0-4EC9-47CB-A13F-FC8BA7045BA2}
		{45C9ADF9-C3B2-464A-B3A9-B6D81A99BE5C} = {3E029488-10D2-48E1-8EFB-9737032EC6DA}
		{442EE50C-A4D1-46E9-821C-A2E5DC52510E} = {FB2087D0-4EC9-47CB-A13F-FC8BA7045BA2}
		{BC65A1A2-A90D-4D38-BD31-562AADF0AA6A} = {442EE50C-A4D1-46E9-821C-A2E5DC52510E}
		{D46EA8DE-299B-4393-A136-48F4A5523627} = {FB2087D0-4EC9-47CB-A13F-FC8BA7045BA2}
		{F1F2BCCA-9B93-434C-9987-AAB62C490176} = {D46EA8DE-299B-4393-A136-48F4A5523627}
		{88D887E5-00CA-4A71-AD5B-136CD9A1842F} = {D46EA8DE-299B-4393-A136-48F4A5523627}
		{87623075-3343-4C41-9BE6-DCEC6DB51756} = {D46EA8DE-299B-4393-A136-48F4A5523627}
		{74A0A264-1F60-4127-A550-B68655F36114} = {B17B2713-7E86-4C50-BCD1-0BC22018F8F4}
		{347D141F-36C9-4DC3-94BC-3B533F5DC597} = {74A0A264-1F60-4127-A550-B68655F36114}
		{C8C72E64-3EFA-4982-BE68-B44A39EB4145} = {B17B2713-7E86-4C50-BCD1-0BC22018F8F4}
		{F0EA7E42-6137-4447-8513-92E2C24095F6} = {C8C72E64-3EFA-4982-BE68-B44A39EB4145}
		{79AF3BBA-0412-4D87-B717-42843A9872F0} = {B17B2713-7E86-4C50-BCD1-0BC22018F8F4}
		{A749BF4C-4F47-484B-95AD-62D5B1563D68} = {79AF3BBA-0412-4D87-B717-42843A9872F0}
	EndGlobalSection
EndGlobal
